
Microsoft Visual Studio Solution File, Format Version 12.00
Project("{FAE04EC0-301F-11D3-BF4B-00C04F79EFBC}") = "Project_OOP", "Project_OOP\Project_OOP.csproj", "{A5438441-9AB7-4585-848C-16E0A5C532B1}"
EndProject
Global
	GlobalSection(SolutionConfigurationPlatforms) = preSolution
		Debug|Any CPU = Debug|Any CPU
		Release|Any CPU = Release|Any CPU
	EndGlobalSection
	GlobalSection(ProjectConfigurationPlatforms) = postSolution
		{A5438441-9AB7-4585-848C-16E0A5C532B1}.Debug|Any CPU.ActiveCfg = Debug|Any CPU
		{A5438441-9AB7-4585-848C-16E0A5C532B1}.Debug|Any CPU.Build.0 = Debug|Any CPU
		{A5438441-9AB7-4585-848C-16E0A5C532B1}.Release|Any CPU.ActiveCfg = Release|Any CPU
		{A5438441-9AB7-4585-848C-16E0A5C532B1}.Release|Any CPU.Build.0 = Release|Any CPU
	EndGlobalSection
EndGlobal
